<Solution>
  <Folder Name="/Solution Items/">
    <File Path=".editorconfig" />
    <File Path="LICENSE.txt" />
    <File Path="README.md" />
  </Folder>
  <Folder Name="/src/">
    <Project Path="src/TestApp.Core/TestApp.Core.csproj" Id="6216d3fd-1eae-4d73-a24f-2bc25ca88f25" />
    <Project Path="src/TestApp.Domain/TestApp.Domain.csproj" Id="a4f5a070-f729-481f-8094-1ed7665d007f" />
    <Project Path="src/TestApp.Messaging/TestApp.Messaging.csproj" Id="91d1565e-9db1-45f5-92c9-badaaf6297ec" />
  </Folder>
  <Folder Name="/tests/" />
</Solution>
