
Microsoft Visual Studio Solution File, Format Version 12.00
# Visual Studio Version 17
VisualStudioVersion = 17.3.32922.545
MinimumVisualStudioVersion = 10.0.40219.1
Project("{9A19103F-16F7-4668-BE54-9A1E7A4F7556}") = "TestApp", "TestApp\TestApp.csproj", "{8E62FFA0-FF4D-45A9-A0AA-DC077BBD6084}"
EndProject
Project("{9A19103F-16F7-4668-BE54-9A1E7A4F7556}") = "DataModel", "DataModel\DataModel.csproj", "{1039A346-0E82-4F98-BB64-545BD550396C}"
EndProject
Global
	GlobalSection(SolutionConfigurationPlatforms) = preSolution
		Debug|Any CPU = Debug|Any CPU
		Release|Any CPU = Release|Any CPU
	EndGlobalSection
	GlobalSection(ProjectConfigurationPlatforms) = postSolution
		{8E62FFA0-FF4D-45A9-A0AA-DC077BBD6084}.Debug|Any CPU.ActiveCfg = Debug|Any CPU
		{8E62FFA0-FF4D-45A9-A0AA-DC077BBD6084}.Debug|Any CPU.Build.0 = Debug|Any CPU
		{8E62FFA0-FF4D-45A9-A0AA-DC077BBD6084}.Release|Any CPU.ActiveCfg = Release|Any CPU
		{8E62FFA0-FF4D-45A9-A0AA-DC077BBD6084}.Release|Any CPU.Build.0 = Release|Any CPU
		{1039A346-0E82-4F98-BB64-545BD550396C}.Debug|Any CPU.ActiveCfg = Debug|Any CPU
		{1039A346-0E82-4F98-BB64-545BD550396C}.Debug|Any CPU.Build.0 = Debug|Any CPU
		{1039A346-0E82-4F98-BB64-545BD550396C}.Release|Any CPU.ActiveCfg = Release|Any CPU
		{1039A346-0E82-4F98-BB64-545BD550396C}.Release|Any CPU.Build.0 = Release|Any CPU
	EndGlobalSection
	GlobalSection(SolutionProperties) = preSolution
		HideSolutionNode = FALSE
	EndGlobalSection
	GlobalSection(ExtensibilityGlobals) = postSolution
		SolutionGuid = {C7EFAF66-C62A-4BFB-AC02-A91E32AD4FA9}
	EndGlobalSection
EndGlobal
